Microsoft Visual Studio Solution File, Format Version 12.00
# Visual Studio Version 17
VisualStudioVersion = 17.5.2.0
MinimumVisualStudioVersion = 10.0.40219.1
Project("{FAE04EC0-301F-11D3-BF4B-00C04F79EFBC}") = "mini_pos", "mini_pos.csproj", "{9B38CB9F-F5EB-EDFC-76FC-4E22D92C1268}"
EndProject
Global
	GlobalSection(SolutionConfigurationPlatforms) = preSolution
		Debug|Any CPU = Debug|Any CPU
		Release|Any CPU = Release|Any CPU
	EndGlobalSection
	GlobalSection(ProjectConfigurationPlatforms) = postSolution
		{9B38CB9F-F5EB-EDFC-76FC-4E22D92C1268}.Debug|Any CPU.ActiveCfg = Debug|Any CPU
		{9B38CB9F-F5EB-EDFC-76FC-4E22D92C1268}.Debug|Any CPU.Build.0 = Debug|Any CPU
		{9B38CB9F-F5EB-EDFC-76FC-4E22D92C1268}.Release|Any CPU.ActiveCfg = Release|Any CPU
		{9B38CB9F-F5EB-EDFC-76FC-4E22D92C1268}.Release|Any CPU.Build.0 = Release|Any CPU
	EndGlobalSection
	GlobalSection(SolutionProperties) = preSolution
		HideSolutionNode = FALSE
	EndGlobalSection
	GlobalSection(ExtensibilityGlobals) = postSolution
		SolutionGuid = {B48A908D-8606-4292-8AAC-79F0C15A80C0}
	EndGlobalSection
EndGlobal
